<?xml version="1.0" encoding="utf-8"?>
<Project ToolsVersion="4.0" xmlns="http://schemas.microsoft.com/developer/msbuild/2003">
  <ItemGroup>
    <Filter Include="Header Files">
      <UniqueIdentifier>{93995380-89BD-4b04-88EB-625FBE52EBFB}</UniqueIdentifier>
      <Extensions>h;hh;hpp;hxx;h++;hm;inl;inc;ipp;xsd</Extensions>
    </Filter>
    <Filter Include="Resource Files">
      <UniqueIdentifier>{67DA6AB6-F800-4c08-8B7A-83BB121AAD01}</UniqueIdentifier>
      <Extensions>rc;ico;cur;bmp;dlg;rc2;rct;bin;rgs;gif;jpg;jpeg;jpe;resx;tiff;tif;png;wav;mfcribbon-ms</Extensions>
    </Filter>
    <Filter Include="ImGui">
      <UniqueIdentifier>{08728840-bcc7-40f7-a419-c8fb712068a6}</UniqueIdentifier>
    </Filter>
    <Filter Include="ImGui\backends">
      <UniqueIdentifier>{5e9e8ae4-1a66-4e9e-8b5a-ff2e04ef0021}</UniqueIdentifier>
    </Filter>
    <Filter Include="ImGui\misc">
      <UniqueIdentifier>{622648ac-38c0-4c8a-b926-b1ac16c0ffc3}</UniqueIdentifier>
    </Filter>
    <Filter Include="xdelta3">
      <UniqueIdentifier>{a5ac9002-c6a1-46a7-9148-b92c30d3ea73}</UniqueIdentifier>
    </Filter>
    <Filter Include="Source Files">
      <UniqueIdentifier>{430ecbb3-d41c-403b-a31f-e32abf6b1deb}</UniqueIdentifier>
    </Filter>
    <Filter Include="enet">
      <UniqueIdentifier>{400f0f8e-4abe-4f9c-a0d4-0fd79ab46546}</UniqueIdentifier>
    </Filter>
  </ItemGroup>
  <ItemGroup>
    <ClCompile Include="..\..\externals\imgui\imgui.cpp">
      <Filter>ImGui</Filter>
    </ClCompile>
    <ClCompile Include="..\..\externals\imgui\imgui_demo.cpp">
      <Filter>ImGui</Filter>
    </ClCompile>
    <ClCompile Include="..\..\externals\imgui\imgui_draw.cpp">
      <Filter>ImGui</Filter>
    </ClCompile>
    <ClCompile Include="..\..\externals\imgui\imgui_tables.cpp">
      <Filter>ImGui</Filter>
    </ClCompile>
    <ClCompile Include="..\..\externals\imgui\imgui_widgets.cpp">
      <Filter>ImGui</Filter>
    </ClCompile>
    <ClCompile Include="..\..\externals\imgui\backends\imgui_impl_opengl3.cpp">
      <Filter>ImGui\backends</Filter>
    </ClCompile>
    <ClCompile Include="..\..\externals\imgui\backends\imgui_impl_sdl2.cpp">
      <Filter>ImGui\backends</Filter>
    </ClCompile>
    <ClCompile Include="..\..\externals\imgui\misc\cpp\imgui_stdlib.cpp">
      <Filter>ImGui\misc</Filter>
    </ClCompile>
    <ClCompile Include="third_party\xdelta3\xdelta3.c">
      <Filter>xdelta3</Filter>
    </ClCompile>
    <ClCompile Include="src\app.cpp">
      <Filter>Source Files</Filter>
    </ClCompile>
    <ClCompile Include="src\dataManager.cpp">
      <Filter>Source Files</Filter>
    </ClCompile>
    <ClCompile Include="src\io.cpp">
      <Filter>Source Files</Filter>
    </ClCompile>
    <ClCompile Include="src\languages.cpp">
      <Filter>Source Files</Filter>
    </ClCompile>
    <ClCompile Include="src\main.cpp">
      <Filter>Source Files</Filter>
    </ClCompile>
    <ClCompile Include="src\patch.cpp">
      <Filter>Source Files</Filter>
    </ClCompile>
    <ClCompile Include="src\requests.cpp">
      <Filter>Source Files</Filter>
    </ClCompile>
    <ClCompile Include="src\ui.cpp">
      <Filter>Source Files</Filter>
    </ClCompile>
    <ClCompile Include="src\updater.cpp">
      <Filter>Source Files</Filter>
    </ClCompile>
    <ClCompile Include="src\client.cpp">
      <Filter>Source Files</Filter>
    </ClCompile>
    <ClCompile Include="..\..\externals\enet\callbacks.c">
      <Filter>enet</Filter>
    </ClCompile>
    <ClCompile Include="..\..\externals\enet\compress.c">
      <Filter>enet</Filter>
    </ClCompile>
    <ClCompile Include="..\..\externals\enet\host.c">
      <Filter>enet</Filter>
    </ClCompile>
    <ClCompile Include="..\..\externals\enet\list.c">
      <Filter>enet</Filter>
    </ClCompile>
    <ClCompile Include="..\..\externals\enet\packet.c">
      <Filter>enet</Filter>
    </ClCompile>
    <ClCompile Include="..\..\externals\enet\peer.c">
      <Filter>enet</Filter>
    </ClCompile>
    <ClCompile Include="..\..\externals\enet\protocol.c">
      <Filter>enet</Filter>
    </ClCompile>
    <ClCompile Include="..\..\externals\enet\unix.c">
      <Filter>enet</Filter>
    </ClCompile>
    <ClCompile Include="..\..\externals\enet\win32.c">
      <Filter>enet</Filter>
    </ClCompile>
    <ClCompile Include="src\process.cpp">
      <Filter>Source Files</Filter>
    </ClCompile>
  </ItemGroup>
  <ItemGroup>
    <ClInclude Include="src\app.h">
      <Filter>Header Files</Filter>
    </ClInclude>
    <ClInclude Include="src\dataManager.h">
      <Filter>Header Files</Filter>
    </ClInclude>
    <ClInclude Include="src\IconsFontAwesome6.h">
      <Filter>Header Files</Filter>
    </ClInclude>
    <ClInclude Include="src\io.h">
      <Filter>Header Files</Filter>
    </ClInclude>
    <ClInclude Include="src\languages.h">
      <Filter>Header Files</Filter>
    </ClInclude>
    <ClInclude Include="src\patch.h">
      <Filter>Header Files</Filter>
    </ClInclude>
    <ClInclude Include="src\requests.h">
      <Filter>Header Files</Filter>
    </ClInclude>
    <ClInclude Include="src\ui.h">
      <Filter>Header Files</Filter>
    </ClInclude>
    <ClInclude Include="src\updater.h">
      <Filter>Header Files</Filter>
    </ClInclude>
    <ClInclude Include="src\client.h">
      <Filter>Header Files</Filter>
    </ClInclude>
    <ClInclude Include="src\process.h">
      <Filter>Header Files</Filter>
    </ClInclude>
  </ItemGroup>
  <ItemGroup>
    <None Include="packages.config" />
  </ItemGroup>
</Project>